
Microsoft Visual Studio Solution File, Format Version 12.00
Project("{FAE04EC0-301F-11D3-BF4B-00C04F79EFBC}") = "AutoHub.API", "AutoHub.API\AutoHub.API.csproj", "{7E71FC96-57AA-4528-BC0C-9A01030D7E67}"
EndProject
Project("{FAE04EC0-301F-11D3-BF4B-00C04F79EFBC}") = "AutoHub.Data", "AutoHub.Data\AutoHub.Data.csproj", "{F1CB53F1-C2A0-4D21-A9C6-B2B4F333B1AD}"
EndProject
Project("{FAE04EC0-301F-11D3-BF4B-00C04F79EFBC}") = "AutoHub.Utilities", "AutoHub.Utilities\AutoHub.Utilities.csproj", "{A3002529-0EAD-46FE-A82A-E47F83ADC3F6}"
EndProject
Project("{FAE04EC0-301F-11D3-BF4B-00C04F79EFBC}") = "AutoHub.Core", "AutoHub.Core\AutoHub.Core.csproj", "{A947C42F-C1E9-4B0C-869A-7F8587D8DA43}"
EndProject
Global
	GlobalSection(SolutionConfigurationPlatforms) = preSolution
		Debug|Any CPU = Debug|Any CPU
		Release|Any CPU = Release|Any CPU
	EndGlobalSection
	GlobalSection(ProjectConfigurationPlatforms) = postSolution
		{7E71FC96-57AA-4528-BC0C-9A01030D7E67}.Debug|Any CPU.ActiveCfg = Debug|Any CPU
		{7E71FC96-57AA-4528-BC0C-9A01030D7E67}.Debug|Any CPU.Build.0 = Debug|Any CPU
		{7E71FC96-57AA-4528-BC0C-9A01030D7E67}.Release|Any CPU.ActiveCfg = Release|Any CPU
		{7E71FC96-57AA-4528-BC0C-9A01030D7E67}.Release|Any CPU.Build.0 = Release|Any CPU
		{F1CB53F1-C2A0-4D21-A9C6-B2B4F333B1AD}.Debug|Any CPU.ActiveCfg = Debug|Any CPU
		{F1CB53F1-C2A0-4D21-A9C6-B2B4F333B1AD}.Debug|Any CPU.Build.0 = Debug|Any CPU
		{F1CB53F1-C2A0-4D21-A9C6-B2B4F333B1AD}.Release|Any CPU.ActiveCfg = Release|Any CPU
		{F1CB53F1-C2A0-4D21-A9C6-B2B4F333B1AD}.Release|Any CPU.Build.0 = Release|Any CPU
		{A3002529-0EAD-46FE-A82A-E47F83ADC3F6}.Debug|Any CPU.ActiveCfg = Debug|Any CPU
		{A3002529-0EAD-46FE-A82A-E47F83ADC3F6}.Debug|Any CPU.Build.0 = Debug|Any CPU
		{A3002529-0EAD-46FE-A82A-E47F83ADC3F6}.Release|Any CPU.ActiveCfg = Release|Any CPU
		{A3002529-0EAD-46FE-A82A-E47F83ADC3F6}.Release|Any CPU.Build.0 = Release|Any CPU
		{A947C42F-C1E9-4B0C-869A-7F8587D8DA43}.Debug|Any CPU.ActiveCfg = Debug|Any CPU
		{A947C42F-C1E9-4B0C-869A-7F8587D8DA43}.Debug|Any CPU.Build.0 = Debug|Any CPU
		{A947C42F-C1E9-4B0C-869A-7F8587D8DA43}.Release|Any CPU.ActiveCfg = Release|Any CPU
		{A947C42F-C1E9-4B0C-869A-7F8587D8DA43}.Release|Any CPU.Build.0 = Release|Any CPU
	EndGlobalSection
EndGlobal
